
Microsoft Visual Studio Solution File, Format Version 12.00
# Visual Studio Version 17
VisualStudioVersion = 17.4.33110.190
MinimumVisualStudioVersion = 10.0.40219.1
Project("{FAE04EC0-301F-11D3-BF4B-00C04F79EFBC}") = "BSS", "BSS\BSS.csproj", "{05992E0A-3166-489D-9BAC-CE3A71FB5F4C}"
EndProject
Project("{FAE04EC0-301F-11D3-BF4B-00C04F79EFBC}") = "BSSR", "BSSR\BSSR.csproj", "{22A53F48-666D-42DE-AC27-7D169E37D236}"
EndProject
Project("{FAE04EC0-301F-11D3-BF4B-00C04F79EFBC}") = "MFiskalna", "MFiskalna\MFiskalna.csproj", "{6D853692-2BE7-4F60-803F-0A72A8094017}"
EndProject
Project("{FAE04EC0-301F-11D3-BF4B-00C04F79EFBC}") = "MKelner", "MKelner\MKelner.csproj", "{27642C13-09D3-45F2-AEBE-9C7355BC7682}"
EndProject
Project("{FAE04EC0-301F-11D3-BF4B-00C04F79EFBC}") = "MReport", "MReport\MReport.csproj", "{BA166269-6D3E-4DFC-BCC2-12D4CD86DE0C}"
EndProject
Project("{FAE04EC0-301F-11D3-BF4B-00C04F79EFBC}") = "MFakturi", "MFakturi\MFakturi.csproj", "{2286937A-6E71-443B-9C18-6EB2C1D5A481}"
EndProject
Project("{FAE04EC0-301F-11D3-BF4B-00C04F79EFBC}") = "MMaterijalno", "MMaterijalno\MMaterijalno.csproj", "{CEF1E9D4-096A-40F0-B701-4A38A86DADA4}"
EndProject
Project("{2150E333-8FDC-42A3-9474-1A3956D46DE8}") = "Solution Items", "Solution Items", "{122AD0C2-2078-4DCD-99B2-B86F45F66898}"
	ProjectSection(SolutionItems) = preProject
		.editorconfig = .editorconfig
		nuget.config = nuget.config
	EndProjectSection
EndProject
Project("{2150E333-8FDC-42A3-9474-1A3956D46DE8}") = "Scripts", "Scripts", "{6D8C557E-B3C2-4502-BD9F-B42608D6C19B}"
EndProject
Global
	GlobalSection(SolutionConfigurationPlatforms) = preSolution
		Bin|Any CPU = Bin|Any CPU
		Bin|x64 = Bin|x64
		Bin|x86 = Bin|x86
		Debug|Any CPU = Debug|Any CPU
		Debug|x64 = Debug|x64
		Debug|x86 = Debug|x86
		Release|Any CPU = Release|Any CPU
		Release|x64 = Release|x64
		Release|x86 = Release|x86
	EndGlobalSection
	GlobalSection(ProjectConfigurationPlatforms) = postSolution
		{05992E0A-3166-489D-9BAC-CE3A71FB5F4C}.Bin|Any CPU.ActiveCfg = Bin|Any CPU
		{05992E0A-3166-489D-9BAC-CE3A71FB5F4C}.Bin|Any CPU.Build.0 = Bin|Any CPU
		{05992E0A-3166-489D-9BAC-CE3A71FB5F4C}.Bin|x64.ActiveCfg = Bin|x64
		{05992E0A-3166-489D-9BAC-CE3A71FB5F4C}.Bin|x64.Build.0 = Bin|x64
		{05992E0A-3166-489D-9BAC-CE3A71FB5F4C}.Bin|x86.ActiveCfg = Debug|x86
		{05992E0A-3166-489D-9BAC-CE3A71FB5F4C}.Bin|x86.Build.0 = Debug|x86
		{05992E0A-3166-489D-9BAC-CE3A71FB5F4C}.Debug|Any CPU.ActiveCfg = Debug|Any CPU
		{05992E0A-3166-489D-9BAC-CE3A71FB5F4C}.Debug|Any CPU.Build.0 = Debug|Any CPU
		{05992E0A-3166-489D-9BAC-CE3A71FB5F4C}.Debug|x64.ActiveCfg = Debug|x64
		{05992E0A-3166-489D-9BAC-CE3A71FB5F4C}.Debug|x64.Build.0 = Debug|x64
		{05992E0A-3166-489D-9BAC-CE3A71FB5F4C}.Debug|x86.ActiveCfg = Debug|x86
		{05992E0A-3166-489D-9BAC-CE3A71FB5F4C}.Debug|x86.Build.0 = Debug|x86
		{05992E0A-3166-489D-9BAC-CE3A71FB5F4C}.Release|Any CPU.ActiveCfg = Release|Any CPU
		{05992E0A-3166-489D-9BAC-CE3A71FB5F4C}.Release|Any CPU.Build.0 = Release|Any CPU
		{05992E0A-3166-489D-9BAC-CE3A71FB5F4C}.Release|x64.ActiveCfg = Release|x64
		{05992E0A-3166-489D-9BAC-CE3A71FB5F4C}.Release|x64.Build.0 = Release|x64
		{05992E0A-3166-489D-9BAC-CE3A71FB5F4C}.Release|x86.ActiveCfg = Release|x86
		{05992E0A-3166-489D-9BAC-CE3A71FB5F4C}.Release|x86.Build.0 = Release|x86
		{22A53F48-666D-42DE-AC27-7D169E37D236}.Bin|Any CPU.ActiveCfg = Bin|Any CPU
		{22A53F48-666D-42DE-AC27-7D169E37D236}.Bin|Any CPU.Build.0 = Bin|Any CPU
		{22A53F48-666D-42DE-AC27-7D169E37D236}.Bin|x64.ActiveCfg = Bin|x64
		{22A53F48-666D-42DE-AC27-7D169E37D236}.Bin|x64.Build.0 = Bin|x64
		{22A53F48-666D-42DE-AC27-7D169E37D236}.Bin|x86.ActiveCfg = Debug|x86
		{22A53F48-666D-42DE-AC27-7D169E37D236}.Bin|x86.Build.0 = Debug|x86
		{22A53F48-666D-42DE-AC27-7D169E37D236}.Debug|Any CPU.ActiveCfg = Debug|Any CPU
		{22A53F48-666D-42DE-AC27-7D169E37D236}.Debug|Any CPU.Build.0 = Debug|Any CPU
		{22A53F48-666D-42DE-AC27-7D169E37D236}.Debug|x64.ActiveCfg = Debug|x64
		{22A53F48-666D-42DE-AC27-7D169E37D236}.Debug|x64.Build.0 = Debug|x64
		{22A53F48-666D-42DE-AC27-7D169E37D236}.Debug|x86.ActiveCfg = Debug|x86
		{22A53F48-666D-42DE-AC27-7D169E37D236}.Debug|x86.Build.0 = Debug|x86
		{22A53F48-666D-42DE-AC27-7D169E37D236}.Release|Any CPU.ActiveCfg = Release|Any CPU
		{22A53F48-666D-42DE-AC27-7D169E37D236}.Release|Any CPU.Build.0 = Release|Any CPU
		{22A53F48-666D-42DE-AC27-7D169E37D236}.Release|x64.ActiveCfg = Release|x64
		{22A53F48-666D-42DE-AC27-7D169E37D236}.Release|x64.Build.0 = Release|x64
		{22A53F48-666D-42DE-AC27-7D169E37D236}.Release|x86.ActiveCfg = Release|x86
		{22A53F48-666D-42DE-AC27-7D169E37D236}.Release|x86.Build.0 = Release|x86
		{6D853692-2BE7-4F60-803F-0A72A8094017}.Bin|Any CPU.ActiveCfg = Bin|Any CPU
		{6D853692-2BE7-4F60-803F-0A72A8094017}.Bin|Any CPU.Build.0 = Bin|Any CPU
		{6D853692-2BE7-4F60-803F-0A72A8094017}.Bin|x64.ActiveCfg = Bin|x64
		{6D853692-2BE7-4F60-803F-0A72A8094017}.Bin|x64.Build.0 = Bin|x64
		{6D853692-2BE7-4F60-803F-0A72A8094017}.Bin|x86.ActiveCfg = Debug|x86
		{6D853692-2BE7-4F60-803F-0A72A8094017}.Bin|x86.Build.0 = Debug|x86
		{6D853692-2BE7-4F60-803F-0A72A8094017}.Debug|Any CPU.ActiveCfg = Debug|Any CPU
		{6D853692-2BE7-4F60-803F-0A72A8094017}.Debug|Any CPU.Build.0 = Debug|Any CPU
		{6D853692-2BE7-4F60-803F-0A72A8094017}.Debug|x64.ActiveCfg = Debug|x64
		{6D853692-2BE7-4F60-803F-0A72A8094017}.Debug|x64.Build.0 = Debug|x64
		{6D853692-2BE7-4F60-803F-0A72A8094017}.Debug|x86.ActiveCfg = Debug|x86
		{6D853692-2BE7-4F60-803F-0A72A8094017}.Debug|x86.Build.0 = Debug|x86
		{6D853692-2BE7-4F60-803F-0A72A8094017}.Release|Any CPU.ActiveCfg = Release|Any CPU
		{6D853692-2BE7-4F60-803F-0A72A8094017}.Release|Any CPU.Build.0 = Release|Any CPU
		{6D853692-2BE7-4F60-803F-0A72A8094017}.Release|x64.ActiveCfg = Release|x64
		{6D853692-2BE7-4F60-803F-0A72A8094017}.Release|x64.Build.0 = Release|x64
		{6D853692-2BE7-4F60-803F-0A72A8094017}.Release|x86.ActiveCfg = Release|x86
		{6D853692-2BE7-4F60-803F-0A72A8094017}.Release|x86.Build.0 = Release|x86
		{27642C13-09D3-45F2-AEBE-9C7355BC7682}.Bin|Any CPU.ActiveCfg = Bin|Any CPU
		{27642C13-09D3-45F2-AEBE-9C7355BC7682}.Bin|Any CPU.Build.0 = Bin|Any CPU
		{27642C13-09D3-45F2-AEBE-9C7355BC7682}.Bin|x64.ActiveCfg = Bin|x64
		{27642C13-09D3-45F2-AEBE-9C7355BC7682}.Bin|x64.Build.0 = Bin|x64
		{27642C13-09D3-45F2-AEBE-9C7355BC7682}.Bin|x86.ActiveCfg = Debug|x86
		{27642C13-09D3-45F2-AEBE-9C7355BC7682}.Bin|x86.Build.0 = Debug|x86
		{27642C13-09D3-45F2-AEBE-9C7355BC7682}.Debug|Any CPU.ActiveCfg = Debug|Any CPU
		{27642C13-09D3-45F2-AEBE-9C7355BC7682}.Debug|Any CPU.Build.0 = Debug|Any CPU
		{27642C13-09D3-45F2-AEBE-9C7355BC7682}.Debug|x64.ActiveCfg = Debug|x64
		{27642C13-09D3-45F2-AEBE-9C7355BC7682}.Debug|x64.Build.0 = Debug|x64
		{27642C13-09D3-45F2-AEBE-9C7355BC7682}.Debug|x86.ActiveCfg = Debug|x86
		{27642C13-09D3-45F2-AEBE-9C7355BC7682}.Debug|x86.Build.0 = Debug|x86
		{27642C13-09D3-45F2-AEBE-9C7355BC7682}.Release|Any CPU.ActiveCfg = Release|Any CPU
		{27642C13-09D3-45F2-AEBE-9C7355BC7682}.Release|Any CPU.Build.0 = Release|Any CPU
		{27642C13-09D3-45F2-AEBE-9C7355BC7682}.Release|x64.ActiveCfg = Release|x64
		{27642C13-09D3-45F2-AEBE-9C7355BC7682}.Release|x64.Build.0 = Release|x64
		{27642C13-09D3-45F2-AEBE-9C7355BC7682}.Release|x86.ActiveCfg = Release|x86
		{27642C13-09D3-45F2-AEBE-9C7355BC7682}.Release|x86.Build.0 = Release|x86
		{BA166269-6D3E-4DFC-BCC2-12D4CD86DE0C}.Bin|Any CPU.ActiveCfg = Bin|Any CPU
		{BA166269-6D3E-4DFC-BCC2-12D4CD86DE0C}.Bin|Any CPU.Build.0 = Bin|Any CPU
		{BA166269-6D3E-4DFC-BCC2-12D4CD86DE0C}.Bin|x64.ActiveCfg = Bin|x64
		{BA166269-6D3E-4DFC-BCC2-12D4CD86DE0C}.Bin|x64.Build.0 = Bin|x64
		{BA166269-6D3E-4DFC-BCC2-12D4CD86DE0C}.Bin|x86.ActiveCfg = Debug|x86
		{BA166269-6D3E-4DFC-BCC2-12D4CD86DE0C}.Bin|x86.Build.0 = Debug|x86
		{BA166269-6D3E-4DFC-BCC2-12D4CD86DE0C}.Debug|Any CPU.ActiveCfg = Debug|Any CPU
		{BA166269-6D3E-4DFC-BCC2-12D4CD86DE0C}.Debug|Any CPU.Build.0 = Debug|Any CPU
		{BA166269-6D3E-4DFC-BCC2-12D4CD86DE0C}.Debug|x64.ActiveCfg = Debug|x64
		{BA166269-6D3E-4DFC-BCC2-12D4CD86DE0C}.Debug|x64.Build.0 = Debug|x64
		{BA166269-6D3E-4DFC-BCC2-12D4CD86DE0C}.Debug|x86.ActiveCfg = Debug|x86
		{BA166269-6D3E-4DFC-BCC2-12D4CD86DE0C}.Debug|x86.Build.0 = Debug|x86
		{BA166269-6D3E-4DFC-BCC2-12D4CD86DE0C}.Release|Any CPU.ActiveCfg = Release|Any CPU
		{BA166269-6D3E-4DFC-BCC2-12D4CD86DE0C}.Release|Any CPU.Build.0 = Release|Any CPU
		{BA166269-6D3E-4DFC-BCC2-12D4CD86DE0C}.Release|x64.ActiveCfg = Release|x64
		{BA166269-6D3E-4DFC-BCC2-12D4CD86DE0C}.Release|x64.Build.0 = Release|x64
		{BA166269-6D3E-4DFC-BCC2-12D4CD86DE0C}.Release|x86.ActiveCfg = Release|x86
		{BA166269-6D3E-4DFC-BCC2-12D4CD86DE0C}.Release|x86.Build.0 = Release|x86
		{2286937A-6E71-443B-9C18-6EB2C1D5A481}.Bin|Any CPU.ActiveCfg = Bin|Any CPU
		{2286937A-6E71-443B-9C18-6EB2C1D5A481}.Bin|Any CPU.Build.0 = Bin|Any CPU
		{2286937A-6E71-443B-9C18-6EB2C1D5A481}.Bin|x64.ActiveCfg = Bin|x64
		{2286937A-6E71-443B-9C18-6EB2C1D5A481}.Bin|x64.Build.0 = Bin|x64
		{2286937A-6E71-443B-9C18-6EB2C1D5A481}.Bin|x86.ActiveCfg = Debug|x86
		{2286937A-6E71-443B-9C18-6EB2C1D5A481}.Bin|x86.Build.0 = Debug|x86
		{2286937A-6E71-443B-9C18-6EB2C1D5A481}.Debug|Any CPU.ActiveCfg = Debug|Any CPU
		{2286937A-6E71-443B-9C18-6EB2C1D5A481}.Debug|Any CPU.Build.0 = Debug|Any CPU
		{2286937A-6E71-443B-9C18-6EB2C1D5A481}.Debug|x64.ActiveCfg = Debug|x64
		{2286937A-6E71-443B-9C18-6EB2C1D5A481}.Debug|x64.Build.0 = Debug|x64
		{2286937A-6E71-443B-9C18-6EB2C1D5A481}.Debug|x86.ActiveCfg = Debug|x86
		{2286937A-6E71-443B-9C18-6EB2C1D5A481}.Debug|x86.Build.0 = Debug|x86
		{2286937A-6E71-443B-9C18-6EB2C1D5A481}.Release|Any CPU.ActiveCfg = Release|Any CPU
		{2286937A-6E71-443B-9C18-6EB2C1D5A481}.Release|Any CPU.Build.0 = Release|Any CPU
		{2286937A-6E71-443B-9C18-6EB2C1D5A481}.Release|x64.ActiveCfg = Release|x64
		{2286937A-6E71-443B-9C18-6EB2C1D5A481}.Release|x64.Build.0 = Release|x64
		{2286937A-6E71-443B-9C18-6EB2C1D5A481}.Release|x86.ActiveCfg = Release|x86
		{2286937A-6E71-443B-9C18-6EB2C1D5A481}.Release|x86.Build.0 = Release|x86
		{CEF1E9D4-096A-40F0-B701-4A38A86DADA4}.Bin|Any CPU.ActiveCfg = Bin|Any CPU
		{CEF1E9D4-096A-40F0-B701-4A38A86DADA4}.Bin|Any CPU.Build.0 = Bin|Any CPU
		{CEF1E9D4-096A-40F0-B701-4A38A86DADA4}.Bin|x64.ActiveCfg = Bin|x64
		{CEF1E9D4-096A-40F0-B701-4A38A86DADA4}.Bin|x64.Build.0 = Bin|x64
		{CEF1E9D4-096A-40F0-B701-4A38A86DADA4}.Bin|x86.ActiveCfg = Debug|x86
		{CEF1E9D4-096A-40F0-B701-4A38A86DADA4}.Bin|x86.Build.0 = Debug|x86
		{CEF1E9D4-096A-40F0-B701-4A38A86DADA4}.Debug|Any CPU.ActiveCfg = Debug|Any CPU
		{CEF1E9D4-096A-40F0-B701-4A38A86DADA4}.Debug|Any CPU.Build.0 = Debug|Any CPU
		{CEF1E9D4-096A-40F0-B701-4A38A86DADA4}.Debug|x64.ActiveCfg = Debug|x64
		{CEF1E9D4-096A-40F0-B701-4A38A86DADA4}.Debug|x64.Build.0 = Debug|x64
		{CEF1E9D4-096A-40F0-B701-4A38A86DADA4}.Debug|x86.ActiveCfg = Debug|x86
		{CEF1E9D4-096A-40F0-B701-4A38A86DADA4}.Debug|x86.Build.0 = Debug|x86
		{CEF1E9D4-096A-40F0-B701-4A38A86DADA4}.Release|Any CPU.ActiveCfg = Release|Any CPU
		{CEF1E9D4-096A-40F0-B701-4A38A86DADA4}.Release|Any CPU.Build.0 = Release|Any CPU
		{CEF1E9D4-096A-40F0-B701-4A38A86DADA4}.Release|x64.ActiveCfg = Release|x64
		{CEF1E9D4-096A-40F0-B701-4A38A86DADA4}.Release|x64.Build.0 = Release|x64
		{CEF1E9D4-096A-40F0-B701-4A38A86DADA4}.Release|x86.ActiveCfg = Release|x86
		{CEF1E9D4-096A-40F0-B701-4A38A86DADA4}.Release|x86.Build.0 = Release|x86
	EndGlobalSection
	GlobalSection(SolutionProperties) = preSolution
		HideSolutionNode = FALSE
	EndGlobalSection
	GlobalSection(NestedProjects) = preSolution
		{6D8C557E-B3C2-4502-BD9F-B42608D6C19B} = {122AD0C2-2078-4DCD-99B2-B86F45F66898}
	EndGlobalSection
	GlobalSection(ExtensibilityGlobals) = postSolution
		SolutionGuid = {97F752BF-061A-4CB0-BDF2-11989F74DCDA}
	EndGlobalSection
	GlobalSection(MonoDevelopProperties) = preSolution
		StartupItem = BSSR\BSSR.csproj
	EndGlobalSection
EndGlobal
